
Microsoft Visual Studio Solution File, Format Version 12.00
# Visual Studio 2013
VisualStudioVersion = 12.0.21005.1
MinimumVisualStudioVersion = 10.0.40219.1
Project("{FAE04EC0-301F-11D3-BF4B-00C04F79EFBC}") = "jarwin.Form", "jarwin.Form\jarwin.Form.csproj", "{6DF4CE2E-1880-479F-9108-E9918D7B174B}"
EndProject
Project("{2150E333-8FDC-42A3-9474-1A3956D46DE8}") = "SolutionArtefacts", "SolutionArtefacts", "{0C1F17EE-92F1-44DF-8A17-72D96E77DC27}"
	ProjectSection(SolutionItems) = preProject
		SolutionArtefacts\abraham_blog_rss.xml = SolutionArtefacts\abraham_blog_rss.xml
		SolutionArtefacts\jc_blog_rss.xml = SolutionArtefacts\jc_blog_rss.xml
		README.txt = README.txt
		SolutionArtefacts\stephenson_blog_rss.xml = SolutionArtefacts\stephenson_blog_rss.xml
	EndProjectSection
EndProject
Project("{FAE04EC0-301F-11D3-BF4B-00C04F79EFBC}") = "jarwin.Utility", "jarwin.Utility\jarwin.Utility.csproj", "{74CA8CCF-42A1-48E8-AC31-D68F58995848}"
EndProject
Project("{2150E333-8FDC-42A3-9474-1A3956D46DE8}") = "SQLScripts", "SQLScripts", "{0B0C19BD-C394-4EB3-BF97-C4D6CEA025C4}"
	ProjectSection(SolutionItems) = preProject
		SQLScripts\create_db_jarwin.sql = SQLScripts\create_db_jarwin.sql
		SQLScripts\create_table_feed.sql = SQLScripts\create_table_feed.sql
		SQLScripts\create_table_feed_category.sql = SQLScripts\create_table_feed_category.sql
		SQLScripts\create_table_feed_item.sql = SQLScripts\create_table_feed_item.sql
		SQLScripts\create_table_feed_media.sql = SQLScripts\create_table_feed_media.sql
		SQLScripts\create_table_folder.sql = SQLScripts\create_table_folder.sql
	EndProjectSection
EndProject
Project("{FAE04EC0-301F-11D3-BF4B-00C04F79EFBC}") = "jarwin.DAL", "jarwin.DAL\jarwin.DAL.csproj", "{D2452C73-6CC4-492F-BBF1-498821F774BB}"
EndProject
Project("{FAE04EC0-301F-11D3-BF4B-00C04F79EFBC}") = "jarwin.ObjectFactory", "jarwin.ObjectFactory\jarwin.ObjectFactory.csproj", "{6AB67FE7-CD4F-402A-922E-D3F6DDDE1B77}"
EndProject
Project("{FAE04EC0-301F-11D3-BF4B-00C04F79EFBC}") = "jarwin.UnitTests", "jarwin.UnitTests\jarwin.UnitTests.csproj", "{FF86019E-5246-43B6-A968-4B27B056245A}"
EndProject
Global
	GlobalSection(SolutionConfigurationPlatforms) = preSolution
		Debug|Any CPU = Debug|Any CPU
		Release|Any CPU = Release|Any CPU
	EndGlobalSection
	GlobalSection(ProjectConfigurationPlatforms) = postSolution
		{6DF4CE2E-1880-479F-9108-E9918D7B174B}.Debug|Any CPU.ActiveCfg = Debug|Any CPU
		{6DF4CE2E-1880-479F-9108-E9918D7B174B}.Debug|Any CPU.Build.0 = Debug|Any CPU
		{6DF4CE2E-1880-479F-9108-E9918D7B174B}.Release|Any CPU.ActiveCfg = Release|Any CPU
		{6DF4CE2E-1880-479F-9108-E9918D7B174B}.Release|Any CPU.Build.0 = Release|Any CPU
		{74CA8CCF-42A1-48E8-AC31-D68F58995848}.Debug|Any CPU.ActiveCfg = Debug|Any CPU
		{74CA8CCF-42A1-48E8-AC31-D68F58995848}.Debug|Any CPU.Build.0 = Debug|Any CPU
		{74CA8CCF-42A1-48E8-AC31-D68F58995848}.Release|Any CPU.ActiveCfg = Release|Any CPU
		{74CA8CCF-42A1-48E8-AC31-D68F58995848}.Release|Any CPU.Build.0 = Release|Any CPU
		{D2452C73-6CC4-492F-BBF1-498821F774BB}.Debug|Any CPU.ActiveCfg = Debug|Any CPU
		{D2452C73-6CC4-492F-BBF1-498821F774BB}.Debug|Any CPU.Build.0 = Debug|Any CPU
		{D2452C73-6CC4-492F-BBF1-498821F774BB}.Release|Any CPU.ActiveCfg = Release|Any CPU
		{D2452C73-6CC4-492F-BBF1-498821F774BB}.Release|Any CPU.Build.0 = Release|Any CPU
		{6AB67FE7-CD4F-402A-922E-D3F6DDDE1B77}.Debug|Any CPU.ActiveCfg = Debug|Any CPU
		{6AB67FE7-CD4F-402A-922E-D3F6DDDE1B77}.Debug|Any CPU.Build.0 = Debug|Any CPU
		{6AB67FE7-CD4F-402A-922E-D3F6DDDE1B77}.Release|Any CPU.ActiveCfg = Release|Any CPU
		{6AB67FE7-CD4F-402A-922E-D3F6DDDE1B77}.Release|Any CPU.Build.0 = Release|Any CPU
		{FF86019E-5246-43B6-A968-4B27B056245A}.Debug|Any CPU.ActiveCfg = Debug|Any CPU
		{FF86019E-5246-43B6-A968-4B27B056245A}.Debug|Any CPU.Build.0 = Debug|Any CPU
		{FF86019E-5246-43B6-A968-4B27B056245A}.Release|Any CPU.ActiveCfg = Release|Any CPU
		{FF86019E-5246-43B6-A968-4B27B056245A}.Release|Any CPU.Build.0 = Release|Any CPU
	EndGlobalSection
	GlobalSection(SolutionProperties) = preSolution
		HideSolutionNode = FALSE
	EndGlobalSection
EndGlobal
